Microsoft Visual Studio Solution File, Format Version 12.00
# Visual Studio Version 17
VisualStudioVersion = 17.5.2.0
MinimumVisualStudioVersion = 10.0.40219.1
Project("{FAE04EC0-301F-11D3-BF4B-00C04F79EFBC}") = "FootballAPI", "FootballAPI.csproj", "{C69BA89F-B887-3E6E-236A-3E7822F698AE}"
EndProject
Global
	GlobalSection(SolutionConfigurationPlatforms) = preSolution
		Debug|Any CPU = Debug|Any CPU
		Release|Any CPU = Release|Any CPU
	EndGlobalSection
	GlobalSection(ProjectConfigurationPlatforms) = postSolution
		{C69BA89F-B887-3E6E-236A-3E7822F698AE}.Debug|Any CPU.ActiveCfg = Debug|Any CPU
		{C69BA89F-B887-3E6E-236A-3E7822F698AE}.Debug|Any CPU.Build.0 = Debug|Any CPU
		{C69BA89F-B887-3E6E-236A-3E7822F698AE}.Release|Any CPU.ActiveCfg = Release|Any CPU
		{C69BA89F-B887-3E6E-236A-3E7822F698AE}.Release|Any CPU.Build.0 = Release|Any CPU
	EndGlobalSection
	GlobalSection(SolutionProperties) = preSolution
		HideSolutionNode = FALSE
	EndGlobalSection
	GlobalSection(ExtensibilityGlobals) = postSolution
		SolutionGuid = {D9C023C6-1F1C-4B02-9950-C28D05588AD8}
	EndGlobalSection
EndGlobal
